
Microsoft Visual Studio Solution File, Format Version 12.00
# Visual Studio Version 17
VisualStudioVersion = 17.10.35004.147
MinimumVisualStudioVersion = 10.0.40219.1
Project("{FAE04EC0-301F-11D3-BF4B-00C04F79EFBC}") = "NguyenThienthanh_buoi5", "NguyenThienthanh_buoi5\NguyenThienthanh_buoi5.csproj", "{1D351D30-205B-4AE1-A3B3-90133B817ECB}"
EndProject
Global
	GlobalSection(SolutionConfigurationPlatforms) = preSolution
		Debug|Any CPU = Debug|Any CPU
		Release|Any CPU = Release|Any CPU
	EndGlobalSection
	GlobalSection(ProjectConfigurationPlatforms) = postSolution
		{1D351D30-205B-4AE1-A3B3-90133B817ECB}.Debug|Any CPU.ActiveCfg = Debug|Any CPU
		{1D351D30-205B-4AE1-A3B3-90133B817ECB}.Debug|Any CPU.Build.0 = Debug|Any CPU
		{1D351D30-205B-4AE1-A3B3-90133B817ECB}.Release|Any CPU.ActiveCfg = Release|Any CPU
		{1D351D30-205B-4AE1-A3B3-90133B817ECB}.Release|Any CPU.Build.0 = Release|Any CPU
	EndGlobalSection
	GlobalSection(SolutionProperties) = preSolution
		HideSolutionNode = FALSE
	EndGlobalSection
	GlobalSection(ExtensibilityGlobals) = postSolution
		SolutionGuid = {BED208A0-959B-4D04-9D62-D68D827A8970}
	EndGlobalSection
EndGlobal
